
Microsoft Visual Studio Solution File, Format Version 12.00
# Visual Studio Version 17
VisualStudioVersion = 17.14.36408.4
MinimumVisualStudioVersion = 10.0.40219.1
Project("{FAE04EC0-301F-11D3-BF4B-00C04F79EFBC}") = "WebLab3", "WebLab3\WebLab3.csproj", "{7D5039AA-691C-4495-AB9C-E90BAFC2A259}"
EndProject
Global
	GlobalSection(SolutionConfigurationPlatforms) = preSolution
		Debug|Any CPU = Debug|Any CPU
		Release|Any CPU = Release|Any CPU
	EndGlobalSection
	GlobalSection(ProjectConfigurationPlatforms) = postSolution
		{7D5039AA-691C-4495-AB9C-E90BAFC2A259}.Debug|Any CPU.ActiveCfg = Debug|Any CPU
		{7D5039AA-691C-4495-AB9C-E90BAFC2A259}.Debug|Any CPU.Build.0 = Debug|Any CPU
		{7D5039AA-691C-4495-AB9C-E90BAFC2A259}.Release|Any CPU.ActiveCfg = Release|Any CPU
		{7D5039AA-691C-4495-AB9C-E90BAFC2A259}.Release|Any CPU.Build.0 = Release|Any CPU
	EndGlobalSection
	GlobalSection(SolutionProperties) = preSolution
		HideSolutionNode = FALSE
	EndGlobalSection
	GlobalSection(ExtensibilityGlobals) = postSolution
		SolutionGuid = {AC0FB373-8906-432B-95D7-E71D0BC7DD4A}
	EndGlobalSection
EndGlobal
